# This file is automatically @generated by Poetry 2.1.1 and should not be changed by hand.

[[package]]
name = "beautifulsoup4"
version = "4.13.3"
description = "Screen-scraping library"
optional = false
python-versions = ">=3.7.0"
groups = ["main"]
files = [
    {file = "beautifulsoup4-4.13.3-py3-none-any.whl", hash = "sha256:99045d7d3f08f91f0d656bc9b7efbae189426cd913d830294a15eefa0ea4df16"},
    {file = "beautifulsoup4-4.13.3.tar.gz", hash = "sha256:1bd32405dacc920b42b83ba01644747ed77456a65760e285fbc47633ceddaf8b"},
]

[package.dependencies]
soupsieve = ">1.2"
typing-extensions = ">=4.0.0"

[package.extras]
cchardet = ["cchardet"]
chardet = ["chardet"]
charset-normalizer = ["charset-normalizer"]
html5lib = ["html5lib"]
lxml = ["lxml"]

[[package]]
name = "certifi"
version = "2025.1.31"
description = "Python package for providing Mozilla's CA Bundle."
optional = false
python-versions = ">=3.6"
groups = ["main"]
files = [
    {file = "certifi-2025.1.31-py3-none-any.whl", hash = "sha256:ca78db4565a652026a4db2bcdf68f2fb589ea80d0be70e03929ed730746b84fe"},
    {file = "certifi-2025.1.31.tar.gz", hash = "sha256:3d5da6925056f6f18f119200434a4780a94263f10d1c21d032a6f6b2baa20651"},
]

[[package]]
name = "charset-normalizer"
version = "3.4.1"
description = "The Real First Universal Charset Detector. Open, modern and actively maintained alternative to Chardet."
optional = false
python-versions = ">=3.7"
groups = ["main"]
files = [
    {file = "charset_normalizer-3.4.1-cp310-cp310-macosx_10_9_universal2.whl", hash = "sha256:91b36a978b5ae0ee86c394f5a54d6ef44db1de0815eb43de826d41d21e4af3de"},
    {file = "charset_normalizer-3.4.1-cp310-cp310-manylinux_2_17_aarch64.manylinux2014_aarch64.whl", hash = "sha256:7461baadb4dc00fd9e0acbe254e3d7d2112e7f92ced2adc96e54ef6501c5f176"},
    {file = "charset_normalizer-3.4.1-cp310-cp310-manylinux_2_17_ppc64le.manylinux2014_ppc64le.whl", hash = "sha256:e218488cd232553829be0664c2292d3af2eeeb94b32bea483cf79ac6a694e037"},
    {file = "charset_normalizer-3.4.1-cp310-cp310-manylinux_2_17_s390x.manylinux2014_s390x.whl", hash = "sha256:80ed5e856eb7f30115aaf94e4a08114ccc8813e6ed1b5efa74f9f82e8509858f"},
    {file = "charset_normalizer-3.4.1-cp310-cp310-manylinux_2_17_x86_64.manylinux2014_x86_64.whl", hash = "sha256:b010a7a4fd316c3c484d482922d13044979e78d1861f0e0650423144c616a46a"},
    {file = "charset_normalizer-3.4.1-cp310-cp310-manylinux_2_5_i686.manylinux1_i686.manylinux_2_17_i686.manylinux2014_i686.whl", hash = "sha256:4532bff1b8421fd0a320463030c7520f56a79c9024a4e88f01c537316019005a"},
    {file = "charset_normalizer-3.4.1-cp310-cp310-musllinux_1_2_aarch64.whl", hash = "sha256:d973f03c0cb71c5ed99037b870f2be986c3c05e63622c017ea9816881d2dd247"},
    {file = "charset_normalizer-3.4.1-cp310-cp310-musllinux_1_2_i686.whl", hash = "sha256:3a3bd0dcd373514dcec91c411ddb9632c0d7d92aed7093b8c3bbb6d69ca74408"},
    {file = "charset_normalizer-3.4.1-cp310-cp310-musllinux_1_2_ppc64le.whl", hash = "sha256:d9c3cdf5390dcd29aa8056d13e8e99526cda0305acc038b96b30352aff5ff2bb"},
    {file = "charset_normalizer-3.4.1-cp310-cp310-musllinux_1_2_s390x.whl", hash = "sha256:2bdfe3ac2e1bbe5b59a1a63721eb3b95fc9b6817ae4a46debbb4e11f6232428d"},
    {file = "charset_normalizer-3.4.1-cp310-cp310-musllinux_1_2_x86_64.whl", hash = "sha256:eab677309cdb30d047996b36d34caeda1dc91149e4fdca0b1a039b3f79d9a807"},
    {file = "charset_normalizer-3.4.1-cp310-cp310-win32.whl", hash = "sha256:c0429126cf75e16c4f0ad00ee0eae4242dc652290f940152ca8c75c3a4b6ee8f"},
    {file = "charset_normalizer-3.4.1-cp310-cp310-win_amd64.whl", hash = "sha256:9f0b8b1c6d84c8034a44893aba5e767bf9c7a211e313a9605d9c617d7083829f"},
    {file = "charset_normalizer-3.4.1-cp311-cp311-macosx_10_9_universal2.whl", hash = "sha256:8bfa33f4f2672964266e940dd22a195989ba31669bd84629f05fab3ef4e2d125"},
    {file = "charset_normalizer-3.4.1-cp311-cp311-manylinux_2_17_aarch64.manylinux2014_aarch64.whl", hash = "sha256:28bf57629c75e810b6ae989f03c0828d64d6b26a5e205535585f96093e405ed1"},
    {file = "charset_normalizer-3.4.1-cp311-cp311-manylinux_2_17_ppc64le.manylinux2014_ppc64le.whl", hash = "sha256:f08ff5e948271dc7e18a35641d2f11a4cd8dfd5634f55228b691e62b37125eb3"},
    {file = "charset_normalizer-3.4.1-cp311-cp311-manylinux_2_17_s390x.manylinux2014_s390x.whl", hash = "sha256:234ac59ea147c59ee4da87a0c0f098e9c8d169f4dc2a159ef720f1a61bbe27cd"},
    {file = "charset_normalizer-3.4.1-cp311-cp311-manylinux_2_17_x86_64.manylinux2014_x86_64.whl", hash = "sha256:fd4ec41f914fa74ad1b8304bbc634b3de73d2a0889bd32076342a573e0779e00"},
    {file = "charset_normalizer-3.4.1-cp311-cp311-manylinux_2_5_i686.manylinux1_i686.manylinux_2_17_i686.manylinux2014_i686.whl", hash = "sha256:eea6ee1db730b3483adf394ea72f808b6e18cf3cb6454b4d86e04fa8c4327a12"},
    {file = "charset_normalizer-3.4.1-cp311-cp311-musllinux_1_2_aarch64.whl", hash = "sha256:c96836c97b1238e9c9e3fe90844c947d5afbf4f4c92762679acfe19927d81d77"},
    {file = "charset_normalizer-3.4.1-cp311-cp311-musllinux_1_2_i686.whl", hash = "sha256:4d86f7aff21ee58f26dcf5ae81a9addbd914115cdebcbb2217e4f0ed8982e146"},
    {file = "charset_normalizer-3.4.1-cp311-cp311-musllinux_1_2_ppc64le.whl", hash = "sha256:09b5e6733cbd160dcc09589227187e242a30a49ca5cefa5a7edd3f9d19ed53fd"},
    {file = "charset_normalizer-3.4.1-cp311-cp311-musllinux_1_2_s390x.whl", hash = "sha256:5777ee0881f9499ed0f71cc82cf873d9a0ca8af166dfa0af8ec4e675b7df48e6"},
    {file = "charset_normalizer-3.4.1-cp311-cp311-musllinux_1_2_x86_64.whl", hash = "sha256:237bdbe6159cff53b4f24f397d43c6336c6b0b42affbe857970cefbb620911c8"},
    {file = "charset_normalizer-3.4.1-cp311-cp311-win32.whl", hash = "sha256:8417cb1f36cc0bc7eaba8ccb0e04d55f0ee52df06df3ad55259b9a323555fc8b"},
    {file = "charset_normalizer-3.4.1-cp311-cp311-win_amd64.whl", hash = "sha256:d7f50a1f8c450f3925cb367d011448c39239bb3eb4117c36a6d354794de4ce76"},
    {file = "charset_normalizer-3.4.1-cp312-cp312-macosx_10_13_universal2.whl", hash = "sha256:73d94b58ec7fecbc7366247d3b0b10a21681004153238750bb67bd9012414545"},
    {file = "charset_normalizer-3.4.1-cp312-cp312-manylinux_2_17_aarch64.manylinux2014_aarch64.whl", hash = "sha256:dad3e487649f498dd991eeb901125411559b22e8d7ab25d3aeb1af367df5efd7"},
    {file = "charset_normalizer-3.4.1-cp312-cp312-manylinux_2_17_ppc64le.manylinux2014_ppc64le.whl", hash = "sha256:c30197aa96e8eed02200a83fba2657b4c3acd0f0aa4bdc9f6c1af8e8962e0757"},
    {file = "charset_normalizer-3.4.1-cp312-cp312-manylinux_2_17_s390x.manylinux2014_s390x.whl", hash = "sha256:2369eea1ee4a7610a860d88f268eb39b95cb588acd7235e02fd5a5601773d4fa"},
    {file = "charset_normalizer-3.4.1-cp312-cp312-manylinux_2_17_x86_64.manylinux2014_x86_64.whl", hash = "sha256:bc2722592d8998c870fa4e290c2eec2c1569b87fe58618e67d38b4665dfa680d"},
    {file = "charset_normalizer-3.4.1-cp312-cp312-manylinux_2_5_i686.manylinux1_i686.manylinux_2_17_i686.manylinux2014_i686.whl", hash = "sha256:ffc9202a29ab3920fa812879e95a9e78b2465fd10be7fcbd042899695d75e616"},
    {file = "charset_normalizer-3.4.1-cp312-cp312-musllinux_1_2_aarch64.whl", hash = "sha256:804a4d582ba6e5b747c625bf1255e6b1507465494a40a2130978bda7b932c90b"},
    {file = "charset_normalizer-3.4.1-cp312-cp312-musllinux_1_2_i686.whl", hash = "sha256:0f55e69f030f7163dffe9fd0752b32f070566451afe180f99dbeeb81f511ad8d"},
    {file = "charset_normalizer-3.4.1-cp312-cp312-musllinux_1_2_ppc64le.whl", hash = "sha256:c4c3e6da02df6fa1410a7680bd3f63d4f710232d3139089536310d027950696a"},
    {file = "charset_normalizer-3.4.1-cp312-cp312-musllinux_1_2_s390x.whl", hash = "sha256:5df196eb874dae23dcfb968c83d4f8fdccb333330fe1fc278ac5ceeb101003a9"},
    {file = "charset_normalizer-3.4.1-cp312-cp312-musllinux_1_2_x86_64.whl", hash = "sha256:e358e64305fe12299a08e08978f51fc21fac060dcfcddd95453eabe5b93ed0e1"},
    {file = "charset_normalizer-3.4.1-cp312-cp312-win32.whl", hash = "sha256:9b23ca7ef998bc739bf6ffc077c2116917eabcc901f88da1b9856b210ef63f35"},
    {file = "charset_normalizer-3.4.1-cp312-cp312-win_amd64.whl", hash = "sha256:6ff8a4a60c227ad87030d76e99cd1698345d4491638dfa6673027c48b3cd395f"},
    {file = "charset_normalizer-3.4.1-cp313-cp313-macosx_10_13_universal2.whl", hash = "sha256:aabfa34badd18f1da5ec1bc2715cadc8dca465868a4e73a0173466b688f29dda"},
    {file = "charset_normalizer-3.4.1-cp313-cp313-manylinux_2_17_aarch64.manylinux2014_aarch64.whl", hash = "sha256:22e14b5d70560b8dd51ec22863f370d1e595ac3d024cb8ad7d308b4cd95f8313"},
    {file = "charset_normalizer-3.4.1-cp313-cp313-manylinux_2_17_ppc64le.manylinux2014_ppc64le.whl", hash = "sha256:8436c508b408b82d87dc5f62496973a1805cd46727c34440b0d29d8a2f50a6c9"},
    {file = "charset_normalizer-3.4.1-cp313-cp313-manylinux_2_17_s390x.manylinux2014_s390x.whl", hash = "sha256:2d074908e1aecee37a7635990b2c6d504cd4766c7bc9fc86d63f9c09af3fa11b"},
    {file = "charset_normalizer-3.4.1-cp313-cp313-manylinux_2_17_x86_64.manylinux2014_x86_64.whl", hash = "sha256:955f8851919303c92343d2f66165294848d57e9bba6cf6e3625485a70a038d11"},
    {file = "charset_normalizer-3.4.1-cp313-cp313-manylinux_2_5_i686.manylinux1_i686.manylinux_2_17_i686.manylinux2014_i686.whl", hash = "sha256:44ecbf16649486d4aebafeaa7ec4c9fed8b88101f4dd612dcaf65d5e815f837f"},
    {file = "charset_normalizer-3.4.1-cp313-cp313-musllinux_1_2_aarch64.whl", hash = "sha256:0924e81d3d5e70f8126529951dac65c1010cdf117bb75eb02dd12339b57749dd"},
    {file = "charset_normalizer-3.4.1-cp313-cp313-musllinux_1_2_i686.whl", hash = "sha256:2967f74ad52c3b98de4c3b32e1a44e32975e008a9cd2a8cc8966d6a5218c5cb2"},
    {file = "charset_normalizer-3.4.1-cp313-cp313-musllinux_1_2_ppc64le.whl", hash = "sha256:c75cb2a3e389853835e84a2d8fb2b81a10645b503eca9bcb98df6b5a43eb8886"},
    {file = "charset_normalizer-3.4.1-cp313-cp313-musllinux_1_2_s390x.whl", hash = "sha256:09b26ae6b1abf0d27570633b2b078a2a20419c99d66fb2823173d73f188ce601"},
    {file = "charset_normalizer-3.4.1-cp313-cp313-musllinux_1_2_x86_64.whl", hash = "sha256:fa88b843d6e211393a37219e6a1c1df99d35e8fd90446f1118f4216e307e48cd"},
    {file = "charset_normalizer-3.4.1-cp313-cp313-win32.whl", hash = "sha256:eb8178fe3dba6450a3e024e95ac49ed3400e506fd4e9e5c32d30adda88cbd407"},
    {file = "charset_normalizer-3.4.1-cp313-cp313-win_amd64.whl", hash = "sha256:b1ac5992a838106edb89654e0aebfc24f5848ae2547d22c2c3f66454daa11971"},
    {file = "charset_normalizer-3.4.1-cp37-cp37m-manylinux_2_17_aarch64.manylinux2014_aarch64.whl", hash = "sha256:f30bf9fd9be89ecb2360c7d94a711f00c09b976258846efe40db3d05828e8089"},
    {file = "charset_normalizer-3.4.1-cp37-cp37m-manylinux_2_17_ppc64le.manylinux2014_ppc64le.whl", hash = "sha256:97f68b8d6831127e4787ad15e6757232e14e12060bec17091b85eb1486b91d8d"},
    {file = "charset_normalizer-3.4.1-cp37-cp37m-manylinux_2_17_s390x.manylinux2014_s390x.whl", hash = "sha256:7974a0b5ecd505609e3b19742b60cee7aa2aa2fb3151bc917e6e2646d7667dcf"},
    {file = "charset_normalizer-3.4.1-cp37-cp37m-manylinux_2_17_x86_64.manylinux2014_x86_64.whl", hash = "sha256:fc54db6c8593ef7d4b2a331b58653356cf04f67c960f584edb7c3d8c97e8f39e"},
    {file = "charset_normalizer-3.4.1-cp37-cp37m-manylinux_2_5_i686.manylinux1_i686.manylinux_2_17_i686.manylinux2014_i686.whl", hash = "sha256:311f30128d7d333eebd7896965bfcfbd0065f1716ec92bd5638d7748eb6f936a"},
    {file = "charset_normalizer-3.4.1-cp37-cp37m-musllinux_1_2_aarch64.whl", hash = "sha256:7d053096f67cd1241601111b698f5cad775f97ab25d81567d3f59219b5f1adbd"},
    {file = "charset_normalizer-3.4.1-cp37-cp37m-musllinux_1_2_i686.whl", hash = "sha256:807f52c1f798eef6cf26beb819eeb8819b1622ddfeef9d0977a8502d4db6d534"},
    {file = "charset_normalizer-3.4.1-cp37-cp37m-musllinux_1_2_ppc64le.whl", hash = "sha256:dccbe65bd2f7f7ec22c4ff99ed56faa1e9f785482b9bbd7c717e26fd723a1d1e"},
    {file = "charset_normalizer-3.4.1-cp37-cp37m-musllinux_1_2_s390x.whl", hash = "sha256:2fb9bd477fdea8684f78791a6de97a953c51831ee2981f8e4f583ff3b9d9687e"},
    {file = "charset_normalizer-3.4.1-cp37-cp37m-musllinux_1_2_x86_64.whl", hash = "sha256:01732659ba9b5b873fc117534143e4feefecf3b2078b0a6a2e925271bb6f4cfa"},
    {file = "charset_normalizer-3.4.1-cp37-cp37m-win32.whl", hash = "sha256:7a4f97a081603d2050bfaffdefa5b02a9ec823f8348a572e39032caa8404a487"},
    {file = "charset_normalizer-3.4.1-cp37-cp37m-win_amd64.whl", hash = "sha256:7b1bef6280950ee6c177b326508f86cad7ad4dff12454483b51d8b7d673a2c5d"},
    {file = "charset_normalizer-3.4.1-cp38-cp38-macosx_10_9_universal2.whl", hash = "sha256:ecddf25bee22fe4fe3737a399d0d177d72bc22be6913acfab364b40bce1ba83c"},
    {file = "charset_normalizer-3.4.1-cp38-cp38-manylinux_2_17_aarch64.manylinux2014_aarch64.whl", hash = "sha256:8c60ca7339acd497a55b0ea5d506b2a2612afb2826560416f6894e8b5770d4a9"},
    {file = "charset_normalizer-3.4.1-cp38-cp38-manylinux_2_17_ppc64le.manylinux2014_ppc64le.whl", hash = "sha256:b7b2d86dd06bfc2ade3312a83a5c364c7ec2e3498f8734282c6c3d4b07b346b8"},
    {file = "charset_normalizer-3.4.1-cp38-cp38-manylinux_2_17_s390x.manylinux2014_s390x.whl", hash = "sha256:dd78cfcda14a1ef52584dbb008f7ac81c1328c0f58184bf9a84c49c605002da6"},
    {file = "charset_normalizer-3.4.1-cp38-cp38-manylinux_2_17_x86_64.manylinux2014_x86_64.whl", hash = "sha256:6e27f48bcd0957c6d4cb9d6fa6b61d192d0b13d5ef563e5f2ae35feafc0d179c"},
    {file = "charset_normalizer-3.4.1-cp38-cp38-manylinux_2_5_i686.manylinux1_i686.manylinux_2_17_i686.manylinux2014_i686.whl", hash = "sha256:01ad647cdd609225c5350561d084b42ddf732f4eeefe6e678765636791e78b9a"},
    {file = "charset_normalizer-3.4.1-cp38-cp38-musllinux_1_2_aarch64.whl", hash = "sha256:619a609aa74ae43d90ed2e89bdd784765de0a25ca761b93e196d938b8fd1dbbd"},
    {file = "charset_normalizer-3.4.1-cp38-cp38-musllinux_1_2_i686.whl", hash = "sha256:89149166622f4db9b4b6a449256291dc87a99ee53151c74cbd82a53c8c2f6ccd"},
    {file = "charset_normalizer-3.4.1-cp38-cp38-musllinux_1_2_ppc64le.whl", hash = "sha256:7709f51f5f7c853f0fb938bcd3bc59cdfdc5203635ffd18bf354f6967ea0f824"},
    {file = "charset_normalizer-3.4.1-cp38-cp38-musllinux_1_2_s390x.whl", hash = "sha256:345b0426edd4e18138d6528aed636de7a9ed169b4aaf9d61a8c19e39d26838ca"},
    {file = "charset_normalizer-3.4.1-cp38-cp38-musllinux_1_2_x86_64.whl", hash = "sha256:0907f11d019260cdc3f94fbdb23ff9125f6b5d1039b76003b5b0ac9d6a6c9d5b"},
    {file = "charset_normalizer-3.4.1-cp38-cp38-win32.whl", hash = "sha256:ea0d8d539afa5eb2728aa1932a988a9a7af94f18582ffae4bc10b3fbdad0626e"},
    {file = "charset_normalizer-3.4.1-cp38-cp38-win_amd64.whl", hash = "sha256:329ce159e82018d646c7ac45b01a430369d526569ec08516081727a20e9e4af4"},
    {file = "charset_normalizer-3.4.1-cp39-cp39-macosx_10_9_universal2.whl", hash = "sha256:b97e690a2118911e39b4042088092771b4ae3fc3aa86518f84b8cf6888dbdb41"},
    {file = "charset_normalizer-3.4.1-cp39-cp39-manylinux_2_17_aarch64.manylinux2014_aarch64.whl", hash = "sha256:78baa6d91634dfb69ec52a463534bc0df05dbd546209b79a3880a34487f4b84f"},
    {file = "charset_normalizer-3.4.1-cp39-cp39-manylinux_2_17_ppc64le.manylinux2014_ppc64le.whl", hash = "sha256:1a2bc9f351a75ef49d664206d51f8e5ede9da246602dc2d2726837620ea034b2"},
    {file = "charset_normalizer-3.4.1-cp39-cp39-manylinux_2_17_s390x.manylinux2014_s390x.whl", hash = "sha256:75832c08354f595c760a804588b9357d34ec00ba1c940c15e31e96d902093770"},
    {file = "charset_normalizer-3.4.1-cp39-cp39-manylinux_2_17_x86_64.manylinux2014_x86_64.whl", hash = "sha256:0af291f4fe114be0280cdd29d533696a77b5b49cfde5467176ecab32353395c4"},
    {file = "charset_normalizer-3.4.1-cp39-cp39-manylinux_2_5_i686.manylinux1_i686.manylinux_2_17_i686.manylinux2014_i686.whl", hash = "sha256:0167ddc8ab6508fe81860a57dd472b2ef4060e8d378f0cc555707126830f2537"},
    {file = "charset_normalizer-3.4.1-cp39-cp39-musllinux_1_2_aarch64.whl", hash = "sha256:2a75d49014d118e4198bcee5ee0a6f25856b29b12dbf7cd012791f8a6cc5c496"},
    {file = "charset_normalizer-3.4.1-cp39-cp39-musllinux_1_2_i686.whl", hash = "sha256:363e2f92b0f0174b2f8238240a1a30142e3db7b957a5dd5689b0e75fb717cc78"},
    {file = "charset_normalizer-3.4.1-cp39-cp39-musllinux_1_2_ppc64le.whl", hash = "sha256:ab36c8eb7e454e34e60eb55ca5d241a5d18b2c6244f6827a30e451c42410b5f7"},
    {file = "charset_normalizer-3.4.1-cp39-cp39-musllinux_1_2_s390x.whl", hash = "sha256:4c0907b1928a36d5a998d72d64d8eaa7244989f7aaaf947500d3a800c83a3fd6"},
    {file = "charset_normalizer-3.4.1-cp39-cp39-musllinux_1_2_x86_64.whl", hash = "sha256:04432ad9479fa40ec0f387795ddad4437a2b50417c69fa275e212933519ff294"},
    {file = "charset_normalizer-3.4.1-cp39-cp39-win32.whl", hash = "sha256:3bed14e9c89dcb10e8f3a29f9ccac4955aebe93c71ae803af79265c9ca5644c5"},
    {file = "charset_normalizer-3.4.1-cp39-cp39-win_amd64.whl", hash = "sha256:49402233c892a461407c512a19435d1ce275543138294f7ef013f0b63d5d3765"},
    {file = "charset_normalizer-3.4.1-py3-none-any.whl", hash = "sha256:d98b1668f06378c6dbefec3b92299716b931cd4e6061f3c875a71ced1780ab85"},
    {file = "charset_normalizer-3.4.1.tar.gz", hash = "sha256:44251f18cd68a75b56585dd00dae26183e102cd5e0f9f1466e6df5da2ed64ea3"},
]

[[package]]
name = "deep-translator"
version = "1.11.4"
description = "A flexible free and unlimited python tool to translate between different languages in a simple way using multiple translators"
optional = false
python-versions = ">=3.7,<4.0"
groups = ["main"]
files = [
    {file = "deep_translator-1.11.4-py3-none-any.whl", hash = "sha256:d635df037e23fa35d12fd42dab72a0b55c9dd19e6292009ee7207e3f30b9e60a"},
    {file = "deep_translator-1.11.4.tar.gz", hash = "sha256:801260c69231138707ea88a0955e484db7d40e210c9e0ae0f77372ffda5f4bf5"},
]

[package.dependencies]
beautifulsoup4 = ">=4.9.1,<5.0.0"
requests = ">=2.23.0,<3.0.0"

[package.extras]
ai = ["openai (>=0.27.6,<0.28.0) ; python_full_version >= \"3.7.1\" and python_full_version < \"4.0.0\""]
docx = ["docx2txt (>=0.8,<0.9)"]
pdf = ["pypdf (>=3.3.0,<4.0.0)"]

[[package]]
name = "idna"
version = "3.10"
description = "Internationalized Domain Names in Applications (IDNA)"
optional = false
python-versions = ">=3.6"
groups = ["main"]
files = [
    {file = "idna-3.10-py3-none-any.whl", hash = "sha256:946d195a0d259cbba61165e88e65941f16e9b36ea6ddb97f00452bae8b1287d3"},
    {file = "idna-3.10.tar.gz", hash = "sha256:12f65c9b470abda6dc35cf8e63cc574b1c52b11df2c86030af0ac09b01b13ea9"},
]

[package.extras]
all = ["flake8 (>=7.1.1)", "mypy (>=1.11.2)", "pytest (>=8.3.2)", "ruff (>=0.6.2)"]

[[package]]
name = "pyperclip"
version = "1.9.0"
description = "A cross-platform clipboard module for Python. (Only handles plain text for now.)"
optional = false
python-versions = "*"
groups = ["main"]
files = [
    {file = "pyperclip-1.9.0.tar.gz", hash = "sha256:b7de0142ddc81bfc5c7507eea19da920b92252b548b96186caf94a5e2527d310"},
]

[[package]]
name = "pyqt5"
version = "5.15.11"
description = "Python bindings for the Qt cross platform application toolkit"
optional = false
python-versions = ">=3.8"
groups = ["main"]
files = [
    {file = "PyQt5-5.15.11-cp38-abi3-macosx_11_0_arm64.whl", hash = "sha256:c8b03dd9380bb13c804f0bdb0f4956067f281785b5e12303d529f0462f9afdc2"},
    {file = "PyQt5-5.15.11-cp38-abi3-macosx_11_0_x86_64.whl", hash = "sha256:6cd75628f6e732b1ffcfe709ab833a0716c0445d7aec8046a48d5843352becb6"},
    {file = "PyQt5-5.15.11-cp38-abi3-manylinux_2_17_x86_64.whl", hash = "sha256:cd672a6738d1ae33ef7d9efa8e6cb0a1525ecf53ec86da80a9e1b6ec38c8d0f1"},
    {file = "PyQt5-5.15.11-cp38-abi3-win32.whl", hash = "sha256:76be0322ceda5deecd1708a8d628e698089a1cea80d1a49d242a6d579a40babd"},
    {file = "PyQt5-5.15.11-cp38-abi3-win_amd64.whl", hash = "sha256:bdde598a3bb95022131a5c9ea62e0a96bd6fb28932cc1619fd7ba211531b7517"},
    {file = "PyQt5-5.15.11.tar.gz", hash = "sha256:fda45743ebb4a27b4b1a51c6d8ef455c4c1b5d610c90d2934c7802b5c1557c52"},
]

[package.dependencies]
PyQt5-Qt5 = ">=5.15.2,<5.16.0"
PyQt5-sip = ">=12.15,<13"

[[package]]
name = "pyqt5-qt5"
version = "5.15.16"
description = "The subset of a Qt installation needed by PyQt5."
optional = false
python-versions = "*"
groups = ["main"]
files = [
    {file = "PyQt5_Qt5-5.15.16-1-py3-none-manylinux2014_x86_64.whl", hash = "sha256:2cfa8f50dd29618ef98f29355f83d8a5f3e41003be22128e9b5d94d214b6b468"},
    {file = "PyQt5_Qt5-5.15.16-py3-none-macosx_10_13_x86_64.whl", hash = "sha256:18b6fec012de60921fcb131cf2a21368171dc29050d43e4b81a64be407a36105"},
    {file = "PyQt5_Qt5-5.15.16-py3-none-macosx_11_0_arm64.whl", hash = "sha256:e1a0e7ae35a7615c74a293705204579650930486a89af23082462f429dae504a"},
    {file = "PyQt5_Qt5-5.15.16-py3-none-manylinux2014_x86_64.whl", hash = "sha256:5ee1754a6460849cba76c0f0c490c0ccc3b514abc780b141cf772db22b76b54b"},
]

[[package]]
name = "pyqt5-sip"
version = "12.15.0"
description = "The sip module support for PyQt5"
optional = false
python-versions = ">=3.8"
groups = ["main"]
files = [
    {file = "PyQt5_sip-12.15.0-cp310-cp310-macosx_10_9_universal2.whl", hash = "sha256:749f7a3ffd6e3d2d5db65ed92c95cbd14490631595c61f0c0672c9238bfb17de"},
    {file = "PyQt5_sip-12.15.0-cp310-cp310-manylinux_2_5_x86_64.manylinux1_x86_64.whl", hash = "sha256:b4adc529fa4ec05728e14ea55194d907cc51f18d6f2ac5cc9f6eb52ac038aa0f"},
    {file = "PyQt5_sip-12.15.0-cp310-cp310-win32.whl", hash = "sha256:83d247cdc43ef224410b14c97413067ea26356dfa39e9ed0fe702a31e25710b0"},
    {file = "PyQt5_sip-12.15.0-cp310-cp310-win_amd64.whl", hash = "sha256:13f0c6a78e781255863e3e160304648efaf62276b7102741af637b63a6e96930"},
    {file = "PyQt5_sip-12.15.0-cp311-cp311-macosx_10_9_universal2.whl", hash = "sha256:855563d4d3b59ce7438bbf2dd32fed2707787defa40f3efe94f204a19ef92b25"},
    {file = "PyQt5_sip-12.15.0-cp311-cp311-manylinux_2_5_x86_64.manylinux1_x86_64.whl", hash = "sha256:0b718a362f4392430903bbb2a4b9bbff9841a16a52f0cfdd5b5bbd9d11457980"},
    {file = "PyQt5_sip-12.15.0-cp311-cp311-win32.whl", hash = "sha256:2575f428de584a12009fd29d00c89df16ed101a3b38beba818dfdcbc4a10709c"},
    {file = "PyQt5_sip-12.15.0-cp311-cp311-win_amd64.whl", hash = "sha256:c85be433fbafcb3d417581c0e1b67c8198d23858166e4f938e971c2262c13cdb"},
    {file = "PyQt5_sip-12.15.0-cp312-cp312-macosx_10_9_universal2.whl", hash = "sha256:852b75cf208825602480e95ab63314108f872d0da251e9ad3deaaff5a183a6f5"},
    {file = "PyQt5_sip-12.15.0-cp312-cp312-manylinux_2_5_x86_64.manylinux1_x86_64.whl", hash = "sha256:0cd21c3215e3c47fdd5fa7a2dc3dd1e07a7230b0626e905a7217925068c788b9"},
    {file = "PyQt5_sip-12.15.0-cp312-cp312-win32.whl", hash = "sha256:b58eeedc9b2a3037b136bf96915196c391a33be470ed1c0723d7163ef0b727a2"},
    {file = "PyQt5_sip-12.15.0-cp312-cp312-win_amd64.whl", hash = "sha256:24a1d4937332bf0a38dd95bb2ce4d89723df449f6e912b52ef0e107e11fefac1"},
    {file = "PyQt5_sip-12.15.0-cp38-cp38-macosx_11_0_universal2.whl", hash = "sha256:91b9538458a3a23e033c213bc879ce64f3d0a33d5a49cbd03e1e584efe307a35"},
    {file = "PyQt5_sip-12.15.0-cp38-cp38-manylinux_2_5_x86_64.manylinux1_x86_64.whl", hash = "sha256:0c1c727ede7fdc464a1fe2e46109ba836509b2d7187a46fdeae443148ce51d1c"},
    {file = "PyQt5_sip-12.15.0-cp38-cp38-win32.whl", hash = "sha256:dd241de9c569c07bbba62bff1049996e5b52478164f61f430073a87bf6d26d33"},
    {file = "PyQt5_sip-12.15.0-cp38-cp38-win_amd64.whl", hash = "sha256:f600ae6f03e4bff91153c0dc7ebe52f90bd2b6afda58fd580e6990b3b951adc0"},
    {file = "PyQt5_sip-12.15.0-cp39-cp39-macosx_10_9_universal2.whl", hash = "sha256:c0c543d604116af26694a8a5ba90f510551ff9124d503ae5ee14bb73a61363a3"},
    {file = "PyQt5_sip-12.15.0-cp39-cp39-manylinux_2_5_x86_64.manylinux1_x86_64.whl", hash = "sha256:97f2d6e8d9b7b3d3e795d576d7f56e6257f524221f6383b33ded7287763e9f06"},
    {file = "PyQt5_sip-12.15.0-cp39-cp39-win32.whl", hash = "sha256:ed5221c6241981bd98d39504823efb9cbe36841bf8917288f8fe8fc1d5569a41"},
    {file = "PyQt5_sip-12.15.0-cp39-cp39-win_amd64.whl", hash = "sha256:7f88c85702dce80ac2e1a162054f688ed394811d6dd03a5574b3fa8111b0a6db"},
    {file = "PyQt5_sip-12.15.0.tar.gz", hash = "sha256:d23fdfcf363b5cedd9d39f8a9c5710e7d52804f5b08a58e91c638b36eafcb702"},
]

[[package]]
name = "requests"
version = "2.32.3"
description = "Python HTTP for Humans."
optional = false
python-versions = ">=3.8"
groups = ["main"]
files = [
    {file = "requests-2.32.3-py3-none-any.whl", hash = "sha256:70761cfe03c773ceb22aa2f671b4757976145175cdfca038c02654d061d6dcc6"},
    {file = "requests-2.32.3.tar.gz", hash = "sha256:55365417734eb18255590a9ff9eb97e9e1da868d4ccd6402399eaf68af20a760"},
]

[package.dependencies]
certifi = ">=2017.4.17"
charset-normalizer = ">=2,<4"
idna = ">=2.5,<4"
urllib3 = ">=1.21.1,<3"

[package.extras]
socks = ["PySocks (>=1.5.6,!=1.5.7)"]
use-chardet-on-py3 = ["chardet (>=3.0.2,<6)"]

[[package]]
name = "setproctitle"
version = "1.3.5"
description = "A Python module to customize the process title"
optional = false
python-versions = ">=3.8"
groups = ["main"]
files = [
    {file = "setproctitle-1.3.5-cp310-cp310-macosx_10_9_universal2.whl", hash = "sha256:02870e0cb0de7f68a7a8a5b23c2bc0ce63821cab3d9b126f9be80bb6cd674c80"},
    {file = "setproctitle-1.3.5-cp310-cp310-macosx_11_0_arm64.whl", hash = "sha256:55b278135be742b8901067479626d909f6613bd2d2c4fd0de6bb46f80e07a919"},
    {file = "setproctitle-1.3.5-cp310-cp310-manylinux_2_17_aarch64.manylinux2014_aarch64.whl", hash = "sha256:53fc971f7bf7a674f571a23cdec70f2f0ac88152c59c06aa0808d0be6d834046"},
    {file = "setproctitle-1.3.5-cp310-cp310-manylinux_2_17_ppc64le.manylinux2014_ppc64le.whl", hash = "sha256:fb0500e1bc6f00b8ba696c3743ddff14c8679e3c2ca9d292c008ac51488d17cf"},
    {file = "setproctitle-1.3.5-cp310-cp310-manylinux_2_5_i686.manylinux1_i686.manylinux_2_17_i686.manylinux2014_i686.whl", hash = "sha256:995b3ac1b5fe510f4e1d1c19ebf19f4bceb448f2d6e8d99ea23f33cb6f1a277e"},
    {file = "setproctitle-1.3.5-cp310-cp310-manylinux_2_5_x86_64.manylinux1_x86_64.manylinux_2_17_x86_64.manylinux2014_x86_64.whl", hash = "sha256:a5a05e2c3fdfbda32b9c9da72d0506398d1efb5bd2c5981b9e12d3622eb3d4f9"},
    {file = "setproctitle-1.3.5-cp310-cp310-musllinux_1_2_aarch64.whl", hash = "sha256:310c7f4ca4c8476a9840b2cd4b22ee602a49a3c902fdcd2dd8284685abd10a9a"},
    {file = "setproctitle-1.3.5-cp310-cp310-musllinux_1_2_i686.whl", hash = "sha256:867af4a5c3d85484fbcc50ea88bcd375acf709cff88a3259575361849c0da351"},
    {file = "setproctitle-1.3.5-cp310-cp310-musllinux_1_2_ppc64le.whl", hash = "sha256:8ec0a7fe9f1ba90900144489bc93ce7dd4dec3f3df1e7f188c9e58364fe4a4c5"},
    {file = "setproctitle-1.3.5-cp310-cp310-musllinux_1_2_x86_64.whl", hash = "sha256:aaee7acba2733a14a886488b7495bfec4a8d6407124c04a0946dbde1684230a3"},
    {file = "setproctitle-1.3.5-cp310-cp310-win32.whl", hash = "sha256:bd2cccd972e4282af4ce2c13cd9ebdf07be157eabafd8ce648fffdc8ae6fbe28"},
    {file = "setproctitle-1.3.5-cp310-cp310-win_amd64.whl", hash = "sha256:81f2328ac34c9584e1e5f87eea916c0bc48476a06606a07debae07acdd7ab5ea"},
    {file = "setproctitle-1.3.5-cp311-cp311-macosx_10_9_universal2.whl", hash = "sha256:1c8dcc250872385f2780a5ea58050b58cbc8b6a7e8444952a5a65c359886c593"},
    {file = "setproctitle-1.3.5-cp311-cp311-macosx_11_0_arm64.whl", hash = "sha256:ca82fae9eb4800231dd20229f06e8919787135a5581da245b8b05e864f34cc8b"},
    {file = "setproctitle-1.3.5-cp311-cp311-manylinux_2_17_aarch64.manylinux2014_aarch64.whl", hash = "sha256:0424e1d33232322541cb36fb279ea5242203cd6f20de7b4fb2a11973d8e8c2ce"},
    {file = "setproctitle-1.3.5-cp311-cp311-manylinux_2_17_ppc64le.manylinux2014_ppc64le.whl", hash = "sha256:fec8340ab543144d04a9d805d80a0aad73fdeb54bea6ff94e70d39a676ea4ec0"},
    {file = "setproctitle-1.3.5-cp311-cp311-manylinux_2_5_i686.manylinux1_i686.manylinux_2_17_i686.manylinux2014_i686.whl", hash = "sha256:eab441c89f181271ab749077dcc94045a423e51f2fb0b120a1463ef9820a08d0"},
    {file = "setproctitle-1.3.5-cp311-cp311-manylinux_2_5_x86_64.manylinux1_x86_64.manylinux_2_17_x86_64.manylinux2014_x86_64.whl", hash = "sha256:d2c371550a2288901a0dcd84192691ebd3197a43c95f3e0b396ed6d1cedf5c6c"},
    {file = "setproctitle-1.3.5-cp311-cp311-musllinux_1_2_aarch64.whl", hash = "sha256:78288ff5f9c415c56595b2257ad218936dd9fa726b36341b373b31ca958590fe"},
    {file = "setproctitle-1.3.5-cp311-cp311-musllinux_1_2_i686.whl", hash = "sha256:f1f13a25fc46731acab518602bb1149bfd8b5fabedf8290a7c0926d61414769d"},
    {file = "setproctitle-1.3.5-cp311-cp311-musllinux_1_2_ppc64le.whl", hash = "sha256:1534d6cd3854d035e40bf4c091984cbdd4d555d7579676d406c53c8f187c006f"},
    {file = "setproctitle-1.3.5-cp311-cp311-musllinux_1_2_x86_64.whl", hash = "sha256:62a01c76708daac78b9688ffb95268c57cb57fa90b543043cda01358912fe2db"},
    {file = "setproctitle-1.3.5-cp311-cp311-win32.whl", hash = "sha256:ea07f29735d839eaed985990a0ec42c8aecefe8050da89fec35533d146a7826d"},
    {file = "setproctitle-1.3.5-cp311-cp311-win_amd64.whl", hash = "sha256:ab3ae11e10d13d514d4a5a15b4f619341142ba3e18da48c40e8614c5a1b5e3c3"},
    {file = "setproctitle-1.3.5-cp312-cp312-macosx_10_13_universal2.whl", hash = "sha256:523424b9be4dea97d95b8a584b183f35c7bab2d0a3d995b01febf5b8a8de90e4"},
    {file = "setproctitle-1.3.5-cp312-cp312-macosx_11_0_arm64.whl", hash = "sha256:b6ec1d86c1b4d7b5f2bdceadf213310cf24696b82480a2a702194b8a0bfbcb47"},
    {file = "setproctitle-1.3.5-cp312-cp312-manylinux_2_17_aarch64.manylinux2014_aarch64.whl", hash = "sha256:ea6c505264275a43e9b2acd2acfc11ac33caf52bc3167c9fced4418a810f6b1c"},
    {file = "setproctitle-1.3.5-cp312-cp312-manylinux_2_17_ppc64le.manylinux2014_ppc64le.whl", hash = "sha256:0b91e68e6685998e6353f296100ecabc313a6cb3e413d66a03d74b988b61f5ff"},
    {file = "setproctitle-1.3.5-cp312-cp312-manylinux_2_5_i686.manylinux1_i686.manylinux_2_17_i686.manylinux2014_i686.whl", hash = "sha256:bc1fda208ae3a2285ad27aeab44c41daf2328abe58fa3270157a739866779199"},
    {file = "setproctitle-1.3.5-cp312-cp312-manylinux_2_5_x86_64.manylinux1_x86_64.manylinux_2_17_x86_64.manylinux2014_x86_64.whl", hash = "sha256:828727d220e46f048b82289018300a64547b46aaed96bf8810c05fe105426b41"},
    {file = "setproctitle-1.3.5-cp312-cp312-musllinux_1_2_aarch64.whl", hash = "sha256:83b016221cf80028b2947be20630faa14e3e72a403e35f0ba29550b4e856767b"},
    {file = "setproctitle-1.3.5-cp312-cp312-musllinux_1_2_i686.whl", hash = "sha256:6d8a411e752e794d052434139ca4234ffeceeb8d8d8ddc390a9051d7942b2726"},
    {file = "setproctitle-1.3.5-cp312-cp312-musllinux_1_2_ppc64le.whl", hash = "sha256:50cfbf86b9c63a2c2903f1231f0a58edeb775e651ae1af84eec8430b0571f29b"},
    {file = "setproctitle-1.3.5-cp312-cp312-musllinux_1_2_x86_64.whl", hash = "sha256:f3b5e2eacd572444770026c9dd3ddc7543ce427cdf452d40a408d1e95beefb30"},
    {file = "setproctitle-1.3.5-cp312-cp312-win32.whl", hash = "sha256:cf4e3ded98027de2596c6cc5bbd3302adfb3ca315c848f56516bb0b7e88de1e9"},
    {file = "setproctitle-1.3.5-cp312-cp312-win_amd64.whl", hash = "sha256:f7a8c01ffd013dda2bed6e7d5cb59fbb609e72f805abf3ee98360f38f7758d9b"},
    {file = "setproctitle-1.3.5-cp313-cp313-macosx_10_13_universal2.whl", hash = "sha256:162fd76781f57f42ddf27c475e5fef6a8df4fdd69b28dd554e53e2eb2bfe0f95"},
    {file = "setproctitle-1.3.5-cp313-cp313-macosx_11_0_arm64.whl", hash = "sha256:4969d996bdfbe23bbd023cd0bae6c73a27371615c4ec5296a60cecce268659ef"},
    {file = "setproctitle-1.3.5-cp313-cp313-manylinux_2_17_aarch64.manylinux2014_aarch64.whl", hash = "sha256:bd70c95a94473216e7c7a7a1f7d8ecbaca5b16d4ba93ddbfd32050fc485a8451"},
    {file = "setproctitle-1.3.5-cp313-cp313-manylinux_2_17_ppc64le.manylinux2014_ppc64le.whl", hash = "sha256:7a887582bfdb6dcbc482db0ef9e630ad23ca95875806ef2b444bf6fbd7b7d7ca"},
    {file = "setproctitle-1.3.5-cp313-cp313-manylinux_2_5_i686.manylinux1_i686.manylinux_2_17_i686.manylinux2014_i686.whl", hash = "sha256:755671c39a9e70834eeec6dc6b61e344399c49881d2e7ea3534a1c69669dd9cc"},
    {file = "setproctitle-1.3.5-cp313-cp313-manylinux_2_5_x86_64.manylinux1_x86_64.manylinux_2_17_x86_64.manylinux2014_x86_64.whl", hash = "sha256:9ab52b4c2ce056a1b60d439991a81ca90f019488d4b4f64b2779e6badd3677e6"},
    {file = "setproctitle-1.3.5-cp313-cp313-musllinux_1_2_aarch64.whl", hash = "sha256:36178b944019ec7fc52bb967ffeee296a11d373734a7be276755bedb3db5c141"},
    {file = "setproctitle-1.3.5-cp313-cp313-musllinux_1_2_i686.whl", hash = "sha256:269d41cd4f085b69821d1ee6599124f02dbbc79962b256e260b6c9021d037994"},
    {file = "setproctitle-1.3.5-cp313-cp313-musllinux_1_2_ppc64le.whl", hash = "sha256:d880630fd81d1b3bde121c352ca7ea2f2ff507ef40c3c011d0928ed491f912c9"},
    {file = "setproctitle-1.3.5-cp313-cp313-musllinux_1_2_x86_64.whl", hash = "sha256:8a7fed67ab49f60bd51f3b4cffff3f8d754d1bb0a40e42869911301ec6519b65"},
    {file = "setproctitle-1.3.5-cp313-cp313-win32.whl", hash = "sha256:e9c0d0cfcf715631b10d5950d04a9978f63bc46535724ef7c2eaf1dca9988642"},
    {file = "setproctitle-1.3.5-cp313-cp313-win_amd64.whl", hash = "sha256:e1d28eb98c91fbebd3e443a45c7da5d84974959851ef304c330eabd654a386f1"},
    {file = "setproctitle-1.3.5-cp38-cp38-macosx_10_9_universal2.whl", hash = "sha256:8995a1217b52d11d92bafd069961a47c5e13d8751ca976a32b3ecbbd471eaf9b"},
    {file = "setproctitle-1.3.5-cp38-cp38-macosx_11_0_arm64.whl", hash = "sha256:ae2ce64ea87837c4e3e65a7a232ff80cf09aa7d916e74cb34a245c47fcd87981"},
    {file = "setproctitle-1.3.5-cp38-cp38-manylinux_2_17_aarch64.manylinux2014_aarch64.whl", hash = "sha256:20b84de1780bbb0adc67560a113a0ea57e6ecfce2325680de8efe6c2a2f781ac"},
    {file = "setproctitle-1.3.5-cp38-cp38-manylinux_2_17_ppc64le.manylinux2014_ppc64le.whl", hash = "sha256:1b1d2628ac9868f960d7e87b3a9b2bb337104c3644b699e52e01efd7e106e4fe"},
    {file = "setproctitle-1.3.5-cp38-cp38-manylinux_2_5_i686.manylinux1_i686.manylinux_2_17_i686.manylinux2014_i686.whl", hash = "sha256:fa912c4d08c66afda30dd5af8f2e9c59065dfc36a51edbd5419c3a7c962875aa"},
    {file = "setproctitle-1.3.5-cp38-cp38-manylinux_2_5_x86_64.manylinux1_x86_64.manylinux_2_17_x86_64.manylinux2014_x86_64.whl", hash = "sha256:dc4f783e100f8b451cd92fcabd3b831edfb1f7cb02be4a79b972f138e0001885"},
    {file = "setproctitle-1.3.5-cp38-cp38-musllinux_1_2_aarch64.whl", hash = "sha256:8ca56e39d10b6758046694a84950e5c5570a034c409ef3337595f64fc2cfa94d"},
    {file = "setproctitle-1.3.5-cp38-cp38-musllinux_1_2_i686.whl", hash = "sha256:8915d69260ba6a6aaf9a48f6b53dbf9f8e4dc0cb4ae25bc5edb16a1666b6e47c"},
    {file = "setproctitle-1.3.5-cp38-cp38-musllinux_1_2_ppc64le.whl", hash = "sha256:7edd4fbb9fd17ed0e5a7f8bde9fa61c3987a34372084c45bab4eab6a2e554762"},
    {file = "setproctitle-1.3.5-cp38-cp38-musllinux_1_2_x86_64.whl", hash = "sha256:d0b19fd76d46b8096a463724739c3b09cf5ce38317f559f56f424f6ce7158de3"},
    {file = "setproctitle-1.3.5-cp38-cp38-win32.whl", hash = "sha256:53ce572cdbd43a0bed2aa24299cd823ebf233a7fa720cc7f8634728c213679c0"},
    {file = "setproctitle-1.3.5-cp38-cp38-win_amd64.whl", hash = "sha256:a58f00f35d6038ce1e8a9e5f87cb5ecce13ce118c5977a603566ad1fccc8d2cb"},
    {file = "setproctitle-1.3.5-cp39-cp39-macosx_10_9_universal2.whl", hash = "sha256:c4b299b5bbadf00034978b8d741c85af25173146747eb9dab22596ec805a52d6"},
    {file = "setproctitle-1.3.5-cp39-cp39-macosx_11_0_arm64.whl", hash = "sha256:d57e7626329d4fb138da5ce15270b08a91326969956fb19c7a8fec2639066704"},
    {file = "setproctitle-1.3.5-cp39-cp39-manylinux_2_17_aarch64.manylinux2014_aarch64.whl", hash = "sha256:4272295721cf1fd2acf960b674d6dc09bec87f2a1e48995817b4ec4a3d483faf"},
    {file = "setproctitle-1.3.5-cp39-cp39-manylinux_2_17_ppc64le.manylinux2014_ppc64le.whl", hash = "sha256:f8305b6e6c203222c61318f338f1de08269ec66c247bf251593c215ff1fbeaf9"},
    {file = "setproctitle-1.3.5-cp39-cp39-manylinux_2_5_i686.manylinux1_i686.manylinux_2_17_i686.manylinux2014_i686.whl", hash = "sha256:becc9f3f605936506d2bd63d9cf817b7ee66b10d204184c4a633064dbed579d6"},
    {file = "setproctitle-1.3.5-cp39-cp39-manylinux_2_5_x86_64.manylinux1_x86_64.manylinux_2_17_x86_64.manylinux2014_x86_64.whl", hash = "sha256:4629de80c47155a26e8d87a0a92d9428aa8d79ccfe2c20fd18888580619704e1"},
    {file = "setproctitle-1.3.5-cp39-cp39-musllinux_1_2_aarch64.whl", hash = "sha256:f1af1d310b5b6cda692da52bd862a9833086c0a3f8380fa92505dd23857dcf60"},
    {file = "setproctitle-1.3.5-cp39-cp39-musllinux_1_2_i686.whl", hash = "sha256:3bb6ea3d6e690677619508050bc681d86223723bdf67e4e8a8dffc3d04ca3044"},
    {file = "setproctitle-1.3.5-cp39-cp39-musllinux_1_2_ppc64le.whl", hash = "sha256:322067ef1ffe70d297b00bee8a3862fed96021aa4318e3bce2d7c3bfa7a8d1e7"},
    {file = "setproctitle-1.3.5-cp39-cp39-musllinux_1_2_x86_64.whl", hash = "sha256:1b58d49c32a46c48dcc2812635a89e6bee31139b03818da49a0bbaeaf01edef9"},
    {file = "setproctitle-1.3.5-cp39-cp39-win32.whl", hash = "sha256:707c23d4a88f5e66f1005d93558bf84eb45fc0fb0c4f33480a0c7d0895e8e848"},
    {file = "setproctitle-1.3.5-cp39-cp39-win_amd64.whl", hash = "sha256:c64199a73d442a06d372b5286942229a43e86fa41bf36f317dcc60c036aff0bb"},
    {file = "setproctitle-1.3.5-pp310-pypy310_pp73-macosx_11_0_arm64.whl", hash = "sha256:dc66b84beb0d5eb03abf0c3140c6d2cbe3d67ae9f0824a09dfa8c6ff164319a6"},
    {file = "setproctitle-1.3.5-pp310-pypy310_pp73-manylinux_2_5_i686.manylinux1_i686.manylinux_2_17_i686.manylinux2014_i686.whl", hash = "sha256:31dc9b330e7cac7685bdef790747c07914081c11ee1066eb0c597303dfb52010"},
    {file = "setproctitle-1.3.5-pp310-pypy310_pp73-manylinux_2_5_x86_64.manylinux1_x86_64.manylinux_2_17_x86_64.manylinux2014_x86_64.whl", hash = "sha256:4028639b511f5e641d116b3b54ad70c637ebd1b4baac0948283daf11b104119f"},
    {file = "setproctitle-1.3.5-pp310-pypy310_pp73-win_amd64.whl", hash = "sha256:6bddef4e27d0ed74e44b58bf050bc3108591bf17d20d461fc59cd141282f849c"},
    {file = "setproctitle-1.3.5-pp38-pypy38_pp73-macosx_11_0_arm64.whl", hash = "sha256:9996be1d1df399c3cdc6d72ce0064e46bc74fc6e29fe16a328511a303dd4d418"},
    {file = "setproctitle-1.3.5-pp38-pypy38_pp73-manylinux_2_5_i686.manylinux1_i686.manylinux_2_17_i686.manylinux2014_i686.whl", hash = "sha256:5cefc2dbdc48121022c3c05644cd3706f08e0b3c0ce07814d3c04daba0617936"},
    {file = "setproctitle-1.3.5-pp38-pypy38_pp73-manylinux_2_5_x86_64.manylinux1_x86_64.manylinux_2_17_x86_64.manylinux2014_x86_64.whl", hash = "sha256:cef63879c79a570aabf7c158f453bf8d1285f0fda4b6b9b7a52d64b49c084d40"},
    {file = "setproctitle-1.3.5-pp38-pypy38_pp73-win_amd64.whl", hash = "sha256:a863296a31fb578726c570314cb78ff3a3fddb65963dc01ea33731760f20a92c"},
    {file = "setproctitle-1.3.5-pp39-pypy39_pp73-macosx_11_0_arm64.whl", hash = "sha256:b63bda3cb4b6526720dc7c6940b891c593f41771d119aeb8763875801ce2296d"},
    {file = "setproctitle-1.3.5-pp39-pypy39_pp73-manylinux_2_5_i686.manylinux1_i686.manylinux_2_17_i686.manylinux2014_i686.whl", hash = "sha256:95913af603da5b4c7635bf1fb67ecc5df7c18360b6cfb6740fd743bb150a6e17"},
    {file = "setproctitle-1.3.5-pp39-pypy39_pp73-manylinux_2_5_x86_64.manylinux1_x86_64.manylinux_2_17_x86_64.manylinux2014_x86_64.whl", hash = "sha256:36b130cf8fe76dc05ad1d48cc9ff3699eb1f0d8edbf6f46a3ce46a7041e49d7b"},
    {file = "setproctitle-1.3.5-pp39-pypy39_pp73-win_amd64.whl", hash = "sha256:fe3bfd5e51c24349d022e062a96c316a1b8862ea9a0cf5ea2a8b2ae008b77cec"},
    {file = "setproctitle-1.3.5.tar.gz", hash = "sha256:1e6eaeaf8a734d428a95d8c104643b39af7d247d604f40a7bebcf3960a853c5e"},
]

[package.extras]
test = ["pytest"]

[[package]]
name = "soupsieve"
version = "2.6"
description = "A modern CSS selector implementation for Beautiful Soup."
optional = false
python-versions = ">=3.8"
groups = ["main"]
files = [
    {file = "soupsieve-2.6-py3-none-any.whl", hash = "sha256:e72c4ff06e4fb6e4b5a9f0f55fe6e81514581fca1515028625d0f299c602ccc9"},
    {file = "soupsieve-2.6.tar.gz", hash = "sha256:e2e68417777af359ec65daac1057404a3c8a5455bb8abc36f1a9866ab1a51abb"},
]

[[package]]
name = "typing-extensions"
version = "4.12.2"
description = "Backported and Experimental Type Hints for Python 3.8+"
optional = false
python-versions = ">=3.8"
groups = ["main"]
files = [
    {file = "typing_extensions-4.12.2-py3-none-any.whl", hash = "sha256:04e5ca0351e0f3f85c6853954072df659d0d13fac324d0072316b67d7794700d"},
    {file = "typing_extensions-4.12.2.tar.gz", hash = "sha256:1a7ead55c7e559dd4dee8856e3a88b41225abfe1ce8df57b7c13915fe121ffb8"},
]

[[package]]
name = "urllib3"
version = "2.2.3"
description = "HTTP library with thread-safe connection pooling, file post, and more."
optional = false
python-versions = ">=3.8"
groups = ["main"]
files = [
    {file = "urllib3-2.2.3-py3-none-any.whl", hash = "sha256:ca899ca043dcb1bafa3e262d73aa25c465bfb49e0bd9dd5d59f1d0acba2f8fac"},
    {file = "urllib3-2.2.3.tar.gz", hash = "sha256:e7d814a81dad81e6caf2ec9fdedb284ecc9c73076b62654547cc64ccdcae26e9"},
]

[package.extras]
brotli = ["brotli (>=1.0.9) ; platform_python_implementation == \"CPython\"", "brotlicffi (>=0.8.0) ; platform_python_implementation != \"CPython\""]
h2 = ["h2 (>=4,<5)"]
socks = ["pysocks (>=1.5.6,!=1.5.7,<2.0)"]
zstd = ["zstandard (>=0.18.0)"]

[metadata]
lock-version = "2.1"
python-versions = ">=3.8,<4.0"
content-hash = "a005e66ed4f876fc40b8b0aa2255e97c778325d65612d3989dc2a617ec48fe6f"
